
Microsoft Visual Studio Solution File, Format Version 12.00
# Visual Studio Version 17
VisualStudioVersion = 17.14.36804.6 d17.14
MinimumVisualStudioVersion = 10.0.40219.1
Project("{8BC9CEB8-8B4A-11D0-8D11-00A0C91BC942}") = "LAB_14-7", "LAB_14-7\LAB_14-7.vcxproj", "{000D4CE4-1C3C-4E51-8692-871A8EF70598}"
EndProject
Global
	GlobalSection(SolutionConfigurationPlatforms) = preSolution
		Debug|x64 = Debug|x64
		Debug|x86 = Debug|x86
		Release|x64 = Release|x64
		Release|x86 = Release|x86
	EndGlobalSection
	GlobalSection(ProjectConfigurationPlatforms) = postSolution
		{000D4CE4-1C3C-4E51-8692-871A8EF70598}.Debug|x64.ActiveCfg = Debug|x64
		{000D4CE4-1C3C-4E51-8692-871A8EF70598}.Debug|x64.Build.0 = Debug|x64
		{000D4CE4-1C3C-4E51-8692-871A8EF70598}.Debug|x86.ActiveCfg = Debug|Win32
		{000D4CE4-1C3C-4E51-8692-871A8EF70598}.Debug|x86.Build.0 = Debug|Win32
		{000D4CE4-1C3C-4E51-8692-871A8EF70598}.Release|x64.ActiveCfg = Release|x64
		{000D4CE4-1C3C-4E51-8692-871A8EF70598}.Release|x64.Build.0 = Release|x64
		{000D4CE4-1C3C-4E51-8692-871A8EF70598}.Release|x86.ActiveCfg = Release|Win32
		{000D4CE4-1C3C-4E51-8692-871A8EF70598}.Release|x86.Build.0 = Release|Win32
	EndGlobalSection
	GlobalSection(SolutionProperties) = preSolution
		HideSolutionNode = FALSE
	EndGlobalSection
	GlobalSection(ExtensibilityGlobals) = postSolution
		SolutionGuid = {BE7AA6D5-5E93-488A-9C0A-85C0E2B46670}
	EndGlobalSection
EndGlobal
